
Microsoft Visual Studio Solution File, Format Version 12.00
# Visual Studio Version 16
VisualStudioVersion = 16.0.31105.61
MinimumVisualStudioVersion = 10.0.40219.1
Project("{FAE04EC0-301F-11D3-BF4B-00C04F79EFBC}") = "GestorBibliotecaComun", "GestorBibliotecaComun\GestorBibliotecaComun.csproj", "{882F5771-E68E-4672-B8A9-1E143D15A14A}"
EndProject
Project("{FAE04EC0-301F-11D3-BF4B-00C04F79EFBC}") = "GestorBibliotecaServidor", "GestorBibliotecaServidor\GestorBibliotecaServidor.csproj", "{891838CB-FA86-46A7-B558-2EC61BECD901}"
EndProject
Project("{FAE04EC0-301F-11D3-BF4B-00C04F79EFBC}") = "GestorBibliotecaCliente", "GestorBibliotecaCliente\GestorBibliotecaCliente.csproj", "{23BC0D1E-E4CC-4ACE-B7F8-3F2BBB946E52}"
EndProject
Global
	GlobalSection(SolutionConfigurationPlatforms) = preSolution
		Debug|Any CPU = Debug|Any CPU
		Release|Any CPU = Release|Any CPU
	EndGlobalSection
	GlobalSection(ProjectConfigurationPlatforms) = postSolution
		{882F5771-E68E-4672-B8A9-1E143D15A14A}.Debug|Any CPU.ActiveCfg = Debug|Any CPU
		{882F5771-E68E-4672-B8A9-1E143D15A14A}.Debug|Any CPU.Build.0 = Debug|Any CPU
		{882F5771-E68E-4672-B8A9-1E143D15A14A}.Release|Any CPU.ActiveCfg = Release|Any CPU
		{882F5771-E68E-4672-B8A9-1E143D15A14A}.Release|Any CPU.Build.0 = Release|Any CPU
		{891838CB-FA86-46A7-B558-2EC61BECD901}.Debug|Any CPU.ActiveCfg = Debug|Any CPU
		{891838CB-FA86-46A7-B558-2EC61BECD901}.Debug|Any CPU.Build.0 = Debug|Any CPU
		{891838CB-FA86-46A7-B558-2EC61BECD901}.Release|Any CPU.ActiveCfg = Release|Any CPU
		{891838CB-FA86-46A7-B558-2EC61BECD901}.Release|Any CPU.Build.0 = Release|Any CPU
		{23BC0D1E-E4CC-4ACE-B7F8-3F2BBB946E52}.Debug|Any CPU.ActiveCfg = Debug|Any CPU
		{23BC0D1E-E4CC-4ACE-B7F8-3F2BBB946E52}.Debug|Any CPU.Build.0 = Debug|Any CPU
		{23BC0D1E-E4CC-4ACE-B7F8-3F2BBB946E52}.Release|Any CPU.ActiveCfg = Release|Any CPU
		{23BC0D1E-E4CC-4ACE-B7F8-3F2BBB946E52}.Release|Any CPU.Build.0 = Release|Any CPU
	EndGlobalSection
	GlobalSection(SolutionProperties) = preSolution
		HideSolutionNode = FALSE
	EndGlobalSection
	GlobalSection(ExtensibilityGlobals) = postSolution
		SolutionGuid = {01372657-19D5-4710-8212-CC22342A47AC}
	EndGlobalSection
EndGlobal
